
Microsoft Visual Studio Solution File, Format Version 12.00
# Visual Studio Version 16
VisualStudioVersion = 16.0.30907.101
MinimumVisualStudioVersion = 10.0.40219.1
Project("{FAE04EC0-301F-11D3-BF4B-00C04F79EFBC}") = "Harjoitus2", "Harjoitus2\Harjoitus2.csproj", "{087F6ED0-61E3-45CC-A750-F0EA9E3A5927}"
EndProject
Global
	GlobalSection(SolutionConfigurationPlatforms) = preSolution
		Debug|Any CPU = Debug|Any CPU
		Release|Any CPU = Release|Any CPU
	EndGlobalSection
	GlobalSection(ProjectConfigurationPlatforms) = postSolution
		{087F6ED0-61E3-45CC-A750-F0EA9E3A5927}.Debug|Any CPU.ActiveCfg = Debug|Any CPU
		{087F6ED0-61E3-45CC-A750-F0EA9E3A5927}.Debug|Any CPU.Build.0 = Debug|Any CPU
		{087F6ED0-61E3-45CC-A750-F0EA9E3A5927}.Release|Any CPU.ActiveCfg = Release|Any CPU
		{087F6ED0-61E3-45CC-A750-F0EA9E3A5927}.Release|Any CPU.Build.0 = Release|Any CPU
	EndGlobalSection
	GlobalSection(SolutionProperties) = preSolution
		HideSolutionNode = FALSE
	EndGlobalSection
	GlobalSection(ExtensibilityGlobals) = postSolution
		SolutionGuid = {29E2BCFA-35F7-4C5A-A837-1A1D8F1E179B}
	EndGlobalSection
EndGlobal
